
Microsoft Visual Studio Solution File, Format Version 12.00
# Visual Studio Version 16
VisualStudioVersion = 16.0.29613.14
MinimumVisualStudioVersion = 10.0.40219.1
Project("{9A19103F-16F7-4668-BE54-9A1E7A4F7556}") = "Web", "Web\Web.csproj", "{073661B1-F40D-4204-A09C-D774B836D2B0}"
EndProject
Project("{2150E333-8FDC-42A3-9474-1A3956D46DE8}") = "Solution Items", "Solution Items", "{F01D721E-E49F-4340-A933-B71BAACEE779}"
	ProjectSection(SolutionItems) = preProject
		.gitattributes = .gitattributes
		.gitignore = .gitignore
		LICENSE = LICENSE
		README.md = README.md
	EndProjectSection
EndProject
Project("{9A19103F-16F7-4668-BE54-9A1E7A4F7556}") = "RimuTec.AspNetCore.SpaServices.Extensions", "RimuTec.AspNetCore.SpaServices.Extensions\RimuTec.AspNetCore.SpaServices.Extensions.csproj", "{DFDA9648-DD85-4AB4-8F00-9D658630B716}"
EndProject
Project("{9A19103F-16F7-4668-BE54-9A1E7A4F7556}") = "docs", "docs\docs.csproj", "{B67B0A6C-045D-441B-8C0D-49EDFC4AAFDF}"
EndProject
Project("{9A19103F-16F7-4668-BE54-9A1E7A4F7556}") = "SampleSpaWebApp", "SampleSpaWebApp\SampleSpaWebApp.csproj", "{A33E13CC-7474-4AE7-8503-EAEE75400146}"
EndProject
Global
	GlobalSection(SolutionConfigurationPlatforms) = preSolution
		Debug|Any CPU = Debug|Any CPU
		Release|Any CPU = Release|Any CPU
	EndGlobalSection
	GlobalSection(ProjectConfigurationPlatforms) = postSolution
		{073661B1-F40D-4204-A09C-D774B836D2B0}.Debug|Any CPU.ActiveCfg = Debug|Any CPU
		{073661B1-F40D-4204-A09C-D774B836D2B0}.Debug|Any CPU.Build.0 = Debug|Any CPU
		{073661B1-F40D-4204-A09C-D774B836D2B0}.Release|Any CPU.ActiveCfg = Release|Any CPU
		{073661B1-F40D-4204-A09C-D774B836D2B0}.Release|Any CPU.Build.0 = Release|Any CPU
		{DFDA9648-DD85-4AB4-8F00-9D658630B716}.Debug|Any CPU.ActiveCfg = Debug|Any CPU
		{DFDA9648-DD85-4AB4-8F00-9D658630B716}.Debug|Any CPU.Build.0 = Debug|Any CPU
		{DFDA9648-DD85-4AB4-8F00-9D658630B716}.Release|Any CPU.ActiveCfg = Release|Any CPU
		{DFDA9648-DD85-4AB4-8F00-9D658630B716}.Release|Any CPU.Build.0 = Release|Any CPU
		{B67B0A6C-045D-441B-8C0D-49EDFC4AAFDF}.Debug|Any CPU.ActiveCfg = Debug|Any CPU
		{B67B0A6C-045D-441B-8C0D-49EDFC4AAFDF}.Debug|Any CPU.Build.0 = Debug|Any CPU
		{B67B0A6C-045D-441B-8C0D-49EDFC4AAFDF}.Release|Any CPU.ActiveCfg = Release|Any CPU
		{B67B0A6C-045D-441B-8C0D-49EDFC4AAFDF}.Release|Any CPU.Build.0 = Release|Any CPU
		{A33E13CC-7474-4AE7-8503-EAEE75400146}.Debug|Any CPU.ActiveCfg = Debug|Any CPU
		{A33E13CC-7474-4AE7-8503-EAEE75400146}.Debug|Any CPU.Build.0 = Debug|Any CPU
		{A33E13CC-7474-4AE7-8503-EAEE75400146}.Release|Any CPU.ActiveCfg = Release|Any CPU
		{A33E13CC-7474-4AE7-8503-EAEE75400146}.Release|Any CPU.Build.0 = Release|Any CPU
	EndGlobalSection
	GlobalSection(SolutionProperties) = preSolution
		HideSolutionNode = FALSE
	EndGlobalSection
	GlobalSection(ExtensibilityGlobals) = postSolution
		SolutionGuid = {86D26DFF-0A7F-4FEA-8C5A-17E6F0FD0C6D}
	EndGlobalSection
EndGlobal
