
Microsoft Visual Studio Solution File, Format Version 12.00
# Visual Studio Version 16
VisualStudioVersion = 16.0.29613.14
MinimumVisualStudioVersion = 10.0.40219.1
Project("{FAE04EC0-301F-11D3-BF4B-00C04F79EFBC}") = "Web", "Web\Web.csproj", "{073661B1-F40D-4204-A09C-D774B836D2B0}"
EndProject
Global
	GlobalSection(SolutionConfigurationPlatforms) = preSolution
		Debug|Any CPU = Debug|Any CPU
		Release|Any CPU = Release|Any CPU
	EndGlobalSection
	GlobalSection(ProjectConfigurationPlatforms) = postSolution
		{073661B1-F40D-4204-A09C-D774B836D2B0}.Debug|Any CPU.ActiveCfg = Debug|Any CPU
		{073661B1-F40D-4204-A09C-D774B836D2B0}.Debug|Any CPU.Build.0 = Debug|Any CPU
		{073661B1-F40D-4204-A09C-D774B836D2B0}.Release|Any CPU.ActiveCfg = Release|Any CPU
		{073661B1-F40D-4204-A09C-D774B836D2B0}.Release|Any CPU.Build.0 = Release|Any CPU
	EndGlobalSection
	GlobalSection(SolutionProperties) = preSolution
		HideSolutionNode = FALSE
	EndGlobalSection
	GlobalSection(ExtensibilityGlobals) = postSolution
		SolutionGuid = {86D26DFF-0A7F-4FEA-8C5A-17E6F0FD0C6D}
	EndGlobalSection
EndGlobal
